
Microsoft Visual Studio Solution File, Format Version 12.00
# Visual Studio Version 16
VisualStudioVersion = 16.0.30204.135
MinimumVisualStudioVersion = 10.0.40219.1
Project("{888888A0-9F3D-457C-B088-3A5042F75D52}") = "FB Analysis", "FB Analysis.pyproj", "{B60ADCD9-1C79-42C0-A891-E8BF51FADF87}"
EndProject
Global
	GlobalSection(SolutionConfigurationPlatforms) = preSolution
		Debug|Any CPU = Debug|Any CPU
		Release|Any CPU = Release|Any CPU
	EndGlobalSection
	GlobalSection(ProjectConfigurationPlatforms) = postSolution
		{B60ADCD9-1C79-42C0-A891-E8BF51FADF87}.Debug|Any CPU.ActiveCfg = Debug|Any CPU
		{B60ADCD9-1C79-42C0-A891-E8BF51FADF87}.Release|Any CPU.ActiveCfg = Release|Any CPU
	EndGlobalSection
	GlobalSection(SolutionProperties) = preSolution
		HideSolutionNode = FALSE
	EndGlobalSection
	GlobalSection(ExtensibilityGlobals) = postSolution
		SolutionGuid = {8A1D51A4-9516-4706-9932-B0D571AE0953}
	EndGlobalSection
EndGlobal
